
Microsoft Visual Studio Solution File, Format Version 12.00
# Visual Studio 15
VisualStudioVersion = 15.0.27130.2026
MinimumVisualStudioVersion = 10.0.40219.1
Project("{E24C65DC-7377-472B-9ABA-BC803B73C61A}") = "MusicIsLife", "MusicIsLife\", "{579B00FF-013C-4E2F-B535-ED20E3F5FBDC}"
	ProjectSection(WebsiteProperties) = preProject
		TargetFrameworkMoniker = ".NETFramework,Version%3Dv4.6.1"
		Debug.AspNetCompiler.VirtualPath = "/localhost_53537"
		Debug.AspNetCompiler.PhysicalPath = "MusicIsLife\"
		Debug.AspNetCompiler.TargetPath = "PrecompiledWeb\localhost_53537\"
		Debug.AspNetCompiler.Updateable = "true"
		Debug.AspNetCompiler.ForceOverwrite = "true"
		Debug.AspNetCompiler.FixedNames = "false"
		Debug.AspNetCompiler.Debug = "True"
		Release.AspNetCompiler.VirtualPath = "/localhost_53537"
		Release.AspNetCompiler.PhysicalPath = "MusicIsLife\"
		Release.AspNetCompiler.TargetPath = "PrecompiledWeb\localhost_53537\"
		Release.AspNetCompiler.Updateable = "true"
		Release.AspNetCompiler.ForceOverwrite = "true"
		Release.AspNetCompiler.FixedNames = "false"
		Release.AspNetCompiler.Debug = "False"
		VWDPort = "53537"
		SlnRelativePath = "MusicIsLife\"
		DefaultWebSiteLanguage = "Visual C#"
	EndProjectSection
EndProject
Global
	GlobalSection(SolutionConfigurationPlatforms) = preSolution
		Debug|Any CPU = Debug|Any CPU
	EndGlobalSection
	GlobalSection(ProjectConfigurationPlatforms) = postSolution
		{579B00FF-013C-4E2F-B535-ED20E3F5FBDC}.Debug|Any CPU.ActiveCfg = Debug|Any CPU
		{579B00FF-013C-4E2F-B535-ED20E3F5FBDC}.Debug|Any CPU.Build.0 = Debug|Any CPU
	EndGlobalSection
	GlobalSection(SolutionProperties) = preSolution
		HideSolutionNode = FALSE
	EndGlobalSection
	GlobalSection(ExtensibilityGlobals) = postSolution
		SolutionGuid = {6DF5EB8B-9446-4F3F-92CF-A2F4849BD989}
	EndGlobalSection
EndGlobal
